<?xml version="1.0" encoding="utf-8"?>
<Project ToolsVersion="4.0" xmlns="http://schemas.microsoft.com/developer/msbuild/2003">
  <ItemGroup>
    <Filter Include="Source Files">
      <UniqueIdentifier>{4FC737F1-C7A5-4376-A066-2A32D752A2FF}</UniqueIdentifier>
      <Extensions>cpp;c;cc;cxx;c++;cppm;ixx;def;odl;idl;hpj;bat;asm;asmx</Extensions>
    </Filter>
    <Filter Include="Header Files">
      <UniqueIdentifier>{93995380-89BD-4b04-88EB-625FBE52EBFB}</UniqueIdentifier>
      <Extensions>h;hh;hpp;hxx;h++;hm;inl;inc;ipp;xsd</Extensions>
    </Filter>
    <Filter Include="Resource Files">
      <UniqueIdentifier>{67DA6AB6-F800-4c08-8B7A-83BB121AAD01}</UniqueIdentifier>
      <Extensions>rc;ico;cur;bmp;dlg;rc2;rct;bin;rgs;gif;jpg;jpeg;jpe;resx;tiff;tif;png;wav;mfcribbon-ms</Extensions>
    </Filter>
    <Filter Include="Header Files\GameObj">
      <UniqueIdentifier>{079c4540-3ade-43cf-81ad-ec032fdf5fec}</UniqueIdentifier>
    </Filter>
    <Filter Include="Source Files\GameObj">
      <UniqueIdentifier>{5762b1ff-3028-486a-bec6-72018829e0e4}</UniqueIdentifier>
    </Filter>
    <Filter Include="Header Files\Resource">
      <UniqueIdentifier>{f00d8bbd-2f4f-494c-b056-5f5aa466a3b7}</UniqueIdentifier>
    </Filter>
    <Filter Include="Header Files\Pool">
      <UniqueIdentifier>{df0c8ee9-687a-4719-9f79-de17233faa95}</UniqueIdentifier>
    </Filter>
    <Filter Include="Source Files\Pool">
      <UniqueIdentifier>{75f4f463-beea-4b00-a932-d7f6a698d0cb}</UniqueIdentifier>
    </Filter>
  </ItemGroup>
  <ItemGroup>
    <ClCompile Include="main.cpp">
      <Filter>Source Files</Filter>
    </ClCompile>
    <ClCompile Include="Game.cpp">
      <Filter>Source Files</Filter>
    </ClCompile>
    <ClCompile Include="debug.cpp">
      <Filter>Source Files</Filter>
    </ClCompile>
    <ClCompile Include="Texture.cpp">
      <Filter>Source Files</Filter>
    </ClCompile>
    <ClCompile Include="GameObject.cpp">
      <Filter>Source Files\GameObj</Filter>
    </ClCompile>
    <ClCompile Include="GameObjectPool.cpp">
      <Filter>Source Files\Pool</Filter>
    </ClCompile>
    <ClCompile Include="GameObjectMovable.cpp">
      <Filter>Source Files\GameObj</Filter>
    </ClCompile>
    <ClCompile Include="Bullet.cpp">
      <Filter>Source Files\GameObj</Filter>
    </ClCompile>
    <ClCompile Include="Tank.cpp">
      <Filter>Source Files\GameObj</Filter>
    </ClCompile>
    <ClCompile Include="TankEnemy.cpp">
      <Filter>Source Files\GameObj</Filter>
    </ClCompile>
    <ClCompile Include="MyTank.cpp">
      <Filter>Source Files\GameObj</Filter>
    </ClCompile>
    <ClCompile Include="WhiteTankEnemy.cpp">
      <Filter>Source Files\GameObj</Filter>
    </ClCompile>
    <ClCompile Include="GreenTankEnemy.cpp">
      <Filter>Source Files\GameObj</Filter>
    </ClCompile>
    <ClCompile Include="RedTankEnemy.cpp">
      <Filter>Source Files\GameObj</Filter>
    </ClCompile>
    <ClCompile Include="WindowSetUp.cpp">
      <Filter>Source Files\GameObj</Filter>
    </ClCompile>
  </ItemGroup>
  <ItemGroup>
    <ClInclude Include="Game.h">
      <Filter>Header Files</Filter>
    </ClInclude>
    <ClInclude Include="debug.h">
      <Filter>Header Files</Filter>
    </ClInclude>
    <ClInclude Include="WindowSetUp.h">
      <Filter>Header Files</Filter>
    </ClInclude>
    <ClInclude Include="Texture.h">
      <Filter>Header Files</Filter>
    </ClInclude>
    <ClInclude Include="GameObject.h">
      <Filter>Header Files\GameObj</Filter>
    </ClInclude>
    <ClInclude Include="GameObjectMovable.h">
      <Filter>Header Files\GameObj</Filter>
    </ClInclude>
    <ClInclude Include="TexturePath.h">
      <Filter>Header Files\Resource</Filter>
    </ClInclude>
    <ClInclude Include="GameObjectPool.h">
      <Filter>Header Files\Pool</Filter>
    </ClInclude>
    <ClInclude Include="GameObjectCollidable.h">
      <Filter>Header Files\GameObj</Filter>
    </ClInclude>
    <ClInclude Include="Bullet.h">
      <Filter>Header Files\GameObj</Filter>
    </ClInclude>
    <ClInclude Include="EDIRECTION.h">
      <Filter>Header Files\GameObj</Filter>
    </ClInclude>
    <ClInclude Include="Tank.h">
      <Filter>Header Files\GameObj</Filter>
    </ClInclude>
    <ClInclude Include="TankEnemy.h">
      <Filter>Header Files\GameObj</Filter>
    </ClInclude>
    <ClInclude Include="WhiteTankEnemy.h">
      <Filter>Header Files\GameObj</Filter>
    </ClInclude>
    <ClInclude Include="MyTank.h">
      <Filter>Header Files\GameObj</Filter>
    </ClInclude>
    <ClInclude Include="GreenTankEnemy.h">
      <Filter>Header Files\GameObj</Filter>
    </ClInclude>
    <ClInclude Include="RedTankEnemy.h">
      <Filter>Header Files\GameObj</Filter>
    </ClInclude>
  </ItemGroup>
  <ItemGroup>
    <None Include="packages.config" />
  </ItemGroup>
</Project>